
Microsoft Visual Studio Solution File, Format Version 12.00
# Visual Studio Version 17
VisualStudioVersion = 17.1.32414.318
MinimumVisualStudioVersion = 10.0.40219.1
Project("{2150E333-8FDC-42A3-9474-1A3956D46DE8}") = "Domain", "Domain", "{654E51E2-C560-41B9-8058-A2E5A441B729}"
EndProject
Project("{2150E333-8FDC-42A3-9474-1A3956D46DE8}") = "Microservices", "Microservices", "{62AC7664-6F9D-4736-B3B2-1E49DF9BD7C3}"
EndProject
Project("{2150E333-8FDC-42A3-9474-1A3956D46DE8}") = "Infra.Bus", "Infra.Bus", "{2D35E825-6AB5-478C-A287-C7FFA5DF8293}"
EndProject
Project("{2150E333-8FDC-42A3-9474-1A3956D46DE8}") = "Infra.IoC", "Infra.IoC", "{2749BEC5-C760-41E3-A683-7DBC10A5C640}"
EndProject
Project("{2150E333-8FDC-42A3-9474-1A3956D46DE8}") = "Presentation", "Presentation", "{412DFC7B-A19E-4C07-B6A7-F675F01D5426}"
EndProject
Project("{FAE04EC0-301F-11D3-BF4B-00C04F79EFBC}") = "MicroRabbit.Domain.Core", "MicroRabbit.Domain.Core\MicroRabbit.Domain.Core.csproj", "{3A189A9C-8C5A-4EB1-9941-CD0E831DE415}"
EndProject
Project("{FAE04EC0-301F-11D3-BF4B-00C04F79EFBC}") = "MicroRabbit.Infra.Bus", "MicroRabbit.Infra.Bus\MicroRabbit.Infra.Bus.csproj", "{CF3B6EE0-C8EB-4AA6-8EFB-000E9A4A3D65}"
EndProject
Global
	GlobalSection(SolutionConfigurationPlatforms) = preSolution
		Debug|Any CPU = Debug|Any CPU
		Release|Any CPU = Release|Any CPU
	EndGlobalSection
	GlobalSection(ProjectConfigurationPlatforms) = postSolution
		{3A189A9C-8C5A-4EB1-9941-CD0E831DE415}.Debug|Any CPU.ActiveCfg = Debug|Any CPU
		{3A189A9C-8C5A-4EB1-9941-CD0E831DE415}.Debug|Any CPU.Build.0 = Debug|Any CPU
		{3A189A9C-8C5A-4EB1-9941-CD0E831DE415}.Release|Any CPU.ActiveCfg = Release|Any CPU
		{3A189A9C-8C5A-4EB1-9941-CD0E831DE415}.Release|Any CPU.Build.0 = Release|Any CPU
		{CF3B6EE0-C8EB-4AA6-8EFB-000E9A4A3D65}.Debug|Any CPU.ActiveCfg = Debug|Any CPU
		{CF3B6EE0-C8EB-4AA6-8EFB-000E9A4A3D65}.Debug|Any CPU.Build.0 = Debug|Any CPU
		{CF3B6EE0-C8EB-4AA6-8EFB-000E9A4A3D65}.Release|Any CPU.ActiveCfg = Release|Any CPU
		{CF3B6EE0-C8EB-4AA6-8EFB-000E9A4A3D65}.Release|Any CPU.Build.0 = Release|Any CPU
	EndGlobalSection
	GlobalSection(SolutionProperties) = preSolution
		HideSolutionNode = FALSE
	EndGlobalSection
	GlobalSection(NestedProjects) = preSolution
		{3A189A9C-8C5A-4EB1-9941-CD0E831DE415} = {654E51E2-C560-41B9-8058-A2E5A441B729}
		{CF3B6EE0-C8EB-4AA6-8EFB-000E9A4A3D65} = {2D35E825-6AB5-478C-A287-C7FFA5DF8293}
	EndGlobalSection
	GlobalSection(ExtensibilityGlobals) = postSolution
		SolutionGuid = {DDFFB398-7F35-42E6-97E2-C0488A47F710}
	EndGlobalSection
EndGlobal
