
Microsoft Visual Studio Solution File, Format Version 12.00
# Visual Studio Version 17
VisualStudioVersion = 17.1.32414.318
MinimumVisualStudioVersion = 10.0.40219.1
Project("{2150E333-8FDC-42A3-9474-1A3956D46DE8}") = "Domain", "Domain", "{654E51E2-C560-41B9-8058-A2E5A441B729}"
EndProject
Project("{2150E333-8FDC-42A3-9474-1A3956D46DE8}") = "Microservices", "Microservices", "{62AC7664-6F9D-4736-B3B2-1E49DF9BD7C3}"
EndProject
Project("{2150E333-8FDC-42A3-9474-1A3956D46DE8}") = "Infra.Bus", "Infra.Bus", "{2D35E825-6AB5-478C-A287-C7FFA5DF8293}"
EndProject
Project("{2150E333-8FDC-42A3-9474-1A3956D46DE8}") = "Infra.IoC", "Infra.IoC", "{2749BEC5-C760-41E3-A683-7DBC10A5C640}"
EndProject
Project("{2150E333-8FDC-42A3-9474-1A3956D46DE8}") = "Presentation", "Presentation", "{412DFC7B-A19E-4C07-B6A7-F675F01D5426}"
EndProject
Project("{9A19103F-16F7-4668-BE54-9A1E7A4F7556}") = "MicroRabbit.Domain.Core", "MicroRabbit.Domain.Core\MicroRabbit.Domain.Core.csproj", "{3A189A9C-8C5A-4EB1-9941-CD0E831DE415}"
EndProject
Project("{9A19103F-16F7-4668-BE54-9A1E7A4F7556}") = "MicroRabbit.Infra.Bus", "MicroRabbit.Infra.Bus\MicroRabbit.Infra.Bus.csproj", "{CF3B6EE0-C8EB-4AA6-8EFB-000E9A4A3D65}"
EndProject
Project("{9A19103F-16F7-4668-BE54-9A1E7A4F7556}") = "MicroRabbit.Infra.IoC", "MicroRabbit.Infra.IoC\MicroRabbit.Infra.IoC.csproj", "{A4AFF485-DB3B-4D01-9ED2-A4C17A6C75BB}"
EndProject
Project("{2150E333-8FDC-42A3-9474-1A3956D46DE8}") = "Banking", "Banking", "{7D85674C-F203-4581-8B97-1D82937C233D}"
EndProject
Project("{2150E333-8FDC-42A3-9474-1A3956D46DE8}") = "Api", "Api", "{57A91305-582C-4286-A1D6-E4E0BD43C931}"
EndProject
Project("{2150E333-8FDC-42A3-9474-1A3956D46DE8}") = "Application", "Application", "{DC79F205-60A6-4160-B412-26D9CEF4668C}"
EndProject
Project("{2150E333-8FDC-42A3-9474-1A3956D46DE8}") = "Data", "Data", "{9D023A60-68D0-430F-9EA1-C2FCE32DE3BA}"
EndProject
Project("{2150E333-8FDC-42A3-9474-1A3956D46DE8}") = "Domain", "Domain", "{41AF6D18-41ED-4ECA-BBA2-9F69C5AF959F}"
EndProject
Project("{9A19103F-16F7-4668-BE54-9A1E7A4F7556}") = "MicroRabbit.Banking.Api", "MicroRabbit.Banking.Api\MicroRabbit.Banking.Api.csproj", "{8C25082B-18E8-496A-A032-611A9F3D02AD}"
EndProject
Project("{9A19103F-16F7-4668-BE54-9A1E7A4F7556}") = "MicroRabbit.Banking.Application", "MicroRabbit.Banking.Application\MicroRabbit.Banking.Application.csproj", "{B4613A28-B10D-4923-9C4D-DCF30A6F8DD2}"
EndProject
Project("{9A19103F-16F7-4668-BE54-9A1E7A4F7556}") = "MicroRabbit.Banking.Data", "MicroRabbit.Banking.Data\MicroRabbit.Banking.Data.csproj", "{3908E280-833C-43EA-9BBB-C4B3B161F5E4}"
EndProject
Project("{9A19103F-16F7-4668-BE54-9A1E7A4F7556}") = "MicroRabbit.Banking.Domain", "MicroRabbit.Banking.Domain\MicroRabbit.Banking.Domain.csproj", "{030C253E-05EB-4FBE-A9FF-2299C33B8352}"
EndProject
Project("{2150E333-8FDC-42A3-9474-1A3956D46DE8}") = "Transfer", "Transfer", "{3EB256DD-CA5A-4BDC-B55D-66C8CD9894E1}"
EndProject
Project("{2150E333-8FDC-42A3-9474-1A3956D46DE8}") = "Api", "Api", "{DAE4B65F-EC00-43D0-8452-64B51F73EA46}"
EndProject
Project("{2150E333-8FDC-42A3-9474-1A3956D46DE8}") = "Application", "Application", "{719DA580-CCC3-414C-988C-36C6F9C620F5}"
EndProject
Project("{2150E333-8FDC-42A3-9474-1A3956D46DE8}") = "Domain", "Domain", "{D6BB3A1C-A6F2-4A84-9BEF-70BD13951655}"
EndProject
Project("{FAE04EC0-301F-11D3-BF4B-00C04F79EFBC}") = "MicroRabbit.Transfer.Api", "MicroRabbit.Transfer.Api\MicroRabbit.Transfer.Api.csproj", "{7EB04997-5BBD-410F-BA2F-23161E019741}"
EndProject
Project("{FAE04EC0-301F-11D3-BF4B-00C04F79EFBC}") = "MicroRabbit.Transfer.Application", "MicroRabbit.Transfer.Application\MicroRabbit.Transfer.Application.csproj", "{707D5484-7029-47C7-B4CA-3CEF0FAD72A4}"
EndProject
Project("{2150E333-8FDC-42A3-9474-1A3956D46DE8}") = "Data", "Data", "{17622E00-AFFF-44E5-8107-A646D3CE206B}"
EndProject
Project("{FAE04EC0-301F-11D3-BF4B-00C04F79EFBC}") = "MicroRabbit.Transfer.Data", "MicroRabbit.Transfer.Data\MicroRabbit.Transfer.Data.csproj", "{94CE03B7-6A66-41C2-98CA-F5E4722B753B}"
EndProject
Project("{FAE04EC0-301F-11D3-BF4B-00C04F79EFBC}") = "MicroRabbit.Transfer.Domain", "MicroRabbit.Transfer.Domain\MicroRabbit.Transfer.Domain.csproj", "{62484F3A-3E5E-4B74-9153-2871F2A38204}"
EndProject
Global
	GlobalSection(SolutionConfigurationPlatforms) = preSolution
		Debug|Any CPU = Debug|Any CPU
		Release|Any CPU = Release|Any CPU
	EndGlobalSection
	GlobalSection(ProjectConfigurationPlatforms) = postSolution
		{3A189A9C-8C5A-4EB1-9941-CD0E831DE415}.Debug|Any CPU.ActiveCfg = Debug|Any CPU
		{3A189A9C-8C5A-4EB1-9941-CD0E831DE415}.Debug|Any CPU.Build.0 = Debug|Any CPU
		{3A189A9C-8C5A-4EB1-9941-CD0E831DE415}.Release|Any CPU.ActiveCfg = Release|Any CPU
		{3A189A9C-8C5A-4EB1-9941-CD0E831DE415}.Release|Any CPU.Build.0 = Release|Any CPU
		{CF3B6EE0-C8EB-4AA6-8EFB-000E9A4A3D65}.Debug|Any CPU.ActiveCfg = Debug|Any CPU
		{CF3B6EE0-C8EB-4AA6-8EFB-000E9A4A3D65}.Debug|Any CPU.Build.0 = Debug|Any CPU
		{CF3B6EE0-C8EB-4AA6-8EFB-000E9A4A3D65}.Release|Any CPU.ActiveCfg = Release|Any CPU
		{CF3B6EE0-C8EB-4AA6-8EFB-000E9A4A3D65}.Release|Any CPU.Build.0 = Release|Any CPU
		{A4AFF485-DB3B-4D01-9ED2-A4C17A6C75BB}.Debug|Any CPU.ActiveCfg = Debug|Any CPU
		{A4AFF485-DB3B-4D01-9ED2-A4C17A6C75BB}.Debug|Any CPU.Build.0 = Debug|Any CPU
		{A4AFF485-DB3B-4D01-9ED2-A4C17A6C75BB}.Release|Any CPU.ActiveCfg = Release|Any CPU
		{A4AFF485-DB3B-4D01-9ED2-A4C17A6C75BB}.Release|Any CPU.Build.0 = Release|Any CPU
		{8C25082B-18E8-496A-A032-611A9F3D02AD}.Debug|Any CPU.ActiveCfg = Debug|Any CPU
		{8C25082B-18E8-496A-A032-611A9F3D02AD}.Debug|Any CPU.Build.0 = Debug|Any CPU
		{8C25082B-18E8-496A-A032-611A9F3D02AD}.Release|Any CPU.ActiveCfg = Release|Any CPU
		{8C25082B-18E8-496A-A032-611A9F3D02AD}.Release|Any CPU.Build.0 = Release|Any CPU
		{B4613A28-B10D-4923-9C4D-DCF30A6F8DD2}.Debug|Any CPU.ActiveCfg = Debug|Any CPU
		{B4613A28-B10D-4923-9C4D-DCF30A6F8DD2}.Debug|Any CPU.Build.0 = Debug|Any CPU
		{B4613A28-B10D-4923-9C4D-DCF30A6F8DD2}.Release|Any CPU.ActiveCfg = Release|Any CPU
		{B4613A28-B10D-4923-9C4D-DCF30A6F8DD2}.Release|Any CPU.Build.0 = Release|Any CPU
		{3908E280-833C-43EA-9BBB-C4B3B161F5E4}.Debug|Any CPU.ActiveCfg = Debug|Any CPU
		{3908E280-833C-43EA-9BBB-C4B3B161F5E4}.Debug|Any CPU.Build.0 = Debug|Any CPU
		{3908E280-833C-43EA-9BBB-C4B3B161F5E4}.Release|Any CPU.ActiveCfg = Release|Any CPU
		{3908E280-833C-43EA-9BBB-C4B3B161F5E4}.Release|Any CPU.Build.0 = Release|Any CPU
		{030C253E-05EB-4FBE-A9FF-2299C33B8352}.Debug|Any CPU.ActiveCfg = Debug|Any CPU
		{030C253E-05EB-4FBE-A9FF-2299C33B8352}.Debug|Any CPU.Build.0 = Debug|Any CPU
		{030C253E-05EB-4FBE-A9FF-2299C33B8352}.Release|Any CPU.ActiveCfg = Release|Any CPU
		{030C253E-05EB-4FBE-A9FF-2299C33B8352}.Release|Any CPU.Build.0 = Release|Any CPU
		{7EB04997-5BBD-410F-BA2F-23161E019741}.Debug|Any CPU.ActiveCfg = Debug|Any CPU
		{7EB04997-5BBD-410F-BA2F-23161E019741}.Debug|Any CPU.Build.0 = Debug|Any CPU
		{7EB04997-5BBD-410F-BA2F-23161E019741}.Release|Any CPU.ActiveCfg = Release|Any CPU
		{7EB04997-5BBD-410F-BA2F-23161E019741}.Release|Any CPU.Build.0 = Release|Any CPU
		{707D5484-7029-47C7-B4CA-3CEF0FAD72A4}.Debug|Any CPU.ActiveCfg = Debug|Any CPU
		{707D5484-7029-47C7-B4CA-3CEF0FAD72A4}.Debug|Any CPU.Build.0 = Debug|Any CPU
		{707D5484-7029-47C7-B4CA-3CEF0FAD72A4}.Release|Any CPU.ActiveCfg = Release|Any CPU
		{707D5484-7029-47C7-B4CA-3CEF0FAD72A4}.Release|Any CPU.Build.0 = Release|Any CPU
		{94CE03B7-6A66-41C2-98CA-F5E4722B753B}.Debug|Any CPU.ActiveCfg = Debug|Any CPU
		{94CE03B7-6A66-41C2-98CA-F5E4722B753B}.Debug|Any CPU.Build.0 = Debug|Any CPU
		{94CE03B7-6A66-41C2-98CA-F5E4722B753B}.Release|Any CPU.ActiveCfg = Release|Any CPU
		{94CE03B7-6A66-41C2-98CA-F5E4722B753B}.Release|Any CPU.Build.0 = Release|Any CPU
		{62484F3A-3E5E-4B74-9153-2871F2A38204}.Debug|Any CPU.ActiveCfg = Debug|Any CPU
		{62484F3A-3E5E-4B74-9153-2871F2A38204}.Debug|Any CPU.Build.0 = Debug|Any CPU
		{62484F3A-3E5E-4B74-9153-2871F2A38204}.Release|Any CPU.ActiveCfg = Release|Any CPU
		{62484F3A-3E5E-4B74-9153-2871F2A38204}.Release|Any CPU.Build.0 = Release|Any CPU
	EndGlobalSection
	GlobalSection(SolutionProperties) = preSolution
		HideSolutionNode = FALSE
	EndGlobalSection
	GlobalSection(NestedProjects) = preSolution
		{3A189A9C-8C5A-4EB1-9941-CD0E831DE415} = {654E51E2-C560-41B9-8058-A2E5A441B729}
		{CF3B6EE0-C8EB-4AA6-8EFB-000E9A4A3D65} = {2D35E825-6AB5-478C-A287-C7FFA5DF8293}
		{A4AFF485-DB3B-4D01-9ED2-A4C17A6C75BB} = {2749BEC5-C760-41E3-A683-7DBC10A5C640}
		{7D85674C-F203-4581-8B97-1D82937C233D} = {62AC7664-6F9D-4736-B3B2-1E49DF9BD7C3}
		{57A91305-582C-4286-A1D6-E4E0BD43C931} = {7D85674C-F203-4581-8B97-1D82937C233D}
		{DC79F205-60A6-4160-B412-26D9CEF4668C} = {7D85674C-F203-4581-8B97-1D82937C233D}
		{9D023A60-68D0-430F-9EA1-C2FCE32DE3BA} = {7D85674C-F203-4581-8B97-1D82937C233D}
		{41AF6D18-41ED-4ECA-BBA2-9F69C5AF959F} = {7D85674C-F203-4581-8B97-1D82937C233D}
		{8C25082B-18E8-496A-A032-611A9F3D02AD} = {57A91305-582C-4286-A1D6-E4E0BD43C931}
		{B4613A28-B10D-4923-9C4D-DCF30A6F8DD2} = {DC79F205-60A6-4160-B412-26D9CEF4668C}
		{3908E280-833C-43EA-9BBB-C4B3B161F5E4} = {9D023A60-68D0-430F-9EA1-C2FCE32DE3BA}
		{030C253E-05EB-4FBE-A9FF-2299C33B8352} = {41AF6D18-41ED-4ECA-BBA2-9F69C5AF959F}
		{3EB256DD-CA5A-4BDC-B55D-66C8CD9894E1} = {62AC7664-6F9D-4736-B3B2-1E49DF9BD7C3}
		{DAE4B65F-EC00-43D0-8452-64B51F73EA46} = {3EB256DD-CA5A-4BDC-B55D-66C8CD9894E1}
		{719DA580-CCC3-414C-988C-36C6F9C620F5} = {3EB256DD-CA5A-4BDC-B55D-66C8CD9894E1}
		{D6BB3A1C-A6F2-4A84-9BEF-70BD13951655} = {3EB256DD-CA5A-4BDC-B55D-66C8CD9894E1}
		{7EB04997-5BBD-410F-BA2F-23161E019741} = {DAE4B65F-EC00-43D0-8452-64B51F73EA46}
		{707D5484-7029-47C7-B4CA-3CEF0FAD72A4} = {719DA580-CCC3-414C-988C-36C6F9C620F5}
		{17622E00-AFFF-44E5-8107-A646D3CE206B} = {3EB256DD-CA5A-4BDC-B55D-66C8CD9894E1}
		{94CE03B7-6A66-41C2-98CA-F5E4722B753B} = {17622E00-AFFF-44E5-8107-A646D3CE206B}
		{62484F3A-3E5E-4B74-9153-2871F2A38204} = {D6BB3A1C-A6F2-4A84-9BEF-70BD13951655}
	EndGlobalSection
	GlobalSection(ExtensibilityGlobals) = postSolution
		SolutionGuid = {DDFFB398-7F35-42E6-97E2-C0488A47F710}
	EndGlobalSection
EndGlobal
